
Microsoft Visual Studio Solution File, Format Version 12.00
# Visual Studio Version 16
VisualStudioVersion = 16.0.31129.286
MinimumVisualStudioVersion = 10.0.40219.1
Project("{FAE04EC0-301F-11D3-BF4B-00C04F79EFBC}") = "BlazorScopedCssBug", "BlazorScopedCssBug\BlazorScopedCssBug.csproj", "{D3FD5BE2-E2B0-46BA-9F2C-D462302CD58C}"
EndProject
Global
	GlobalSection(SolutionConfigurationPlatforms) = preSolution
		Debug|Any CPU = Debug|Any CPU
		Release|Any CPU = Release|Any CPU
	EndGlobalSection
	GlobalSection(ProjectConfigurationPlatforms) = postSolution
		{D3FD5BE2-E2B0-46BA-9F2C-D462302CD58C}.Debug|Any CPU.ActiveCfg = Debug|Any CPU
		{D3FD5BE2-E2B0-46BA-9F2C-D462302CD58C}.Debug|Any CPU.Build.0 = Debug|Any CPU
		{D3FD5BE2-E2B0-46BA-9F2C-D462302CD58C}.Release|Any CPU.ActiveCfg = Release|Any CPU
		{D3FD5BE2-E2B0-46BA-9F2C-D462302CD58C}.Release|Any CPU.Build.0 = Release|Any CPU
	EndGlobalSection
	GlobalSection(SolutionProperties) = preSolution
		HideSolutionNode = FALSE
	EndGlobalSection
	GlobalSection(ExtensibilityGlobals) = postSolution
		SolutionGuid = {60733571-4D24-4AC6-A3F0-F673D50852C8}
	EndGlobalSection
EndGlobal
